
Microsoft Visual Studio Solution File, Format Version 12.00
# Visual Studio Version 17
VisualStudioVersion = 17.0.31912.275
MinimumVisualStudioVersion = 10.0.40219.1
Project("{FAE04EC0-301F-11D3-BF4B-00C04F79EFBC}") = "POC_ClassTextCrawler", "POC_ClassTextCrawler\POC_ClassTextCrawler.csproj", "{38E1A800-83D5-4F2E-9660-32B0A7218674}"
EndProject
Global
	GlobalSection(SolutionConfigurationPlatforms) = preSolution
		Debug|Any CPU = Debug|Any CPU
		Release|Any CPU = Release|Any CPU
	EndGlobalSection
	GlobalSection(ProjectConfigurationPlatforms) = postSolution
		{38E1A800-83D5-4F2E-9660-32B0A7218674}.Debug|Any CPU.ActiveCfg = Debug|Any CPU
		{38E1A800-83D5-4F2E-9660-32B0A7218674}.Debug|Any CPU.Build.0 = Debug|Any CPU
		{38E1A800-83D5-4F2E-9660-32B0A7218674}.Release|Any CPU.ActiveCfg = Release|Any CPU
		{38E1A800-83D5-4F2E-9660-32B0A7218674}.Release|Any CPU.Build.0 = Release|Any CPU
	EndGlobalSection
	GlobalSection(SolutionProperties) = preSolution
		HideSolutionNode = FALSE
	EndGlobalSection
	GlobalSection(ExtensibilityGlobals) = postSolution
		SolutionGuid = {723C0552-1764-496C-A7D9-7E45C95EB0BB}
	EndGlobalSection
EndGlobal
